
Microsoft Visual Studio Solution File, Format Version 12.00
# Visual Studio Version 16
VisualStudioVersion = 16.0.29613.14
MinimumVisualStudioVersion = 10.0.40219.1
Project("{FAE04EC0-301F-11D3-BF4B-00C04F79EFBC}") = "Cross.Server", "Cross\Server\Cross.Server.csproj", "{CBB411BD-1F35-4046-9A80-41E3F49C5A0F}"
EndProject
Project("{FAE04EC0-301F-11D3-BF4B-00C04F79EFBC}") = "Cross.Client", "Cross\Client\Cross.Client.csproj", "{6259F21C-54FC-4F13-AF93-85F249658EA5}"
EndProject
Project("{FAE04EC0-301F-11D3-BF4B-00C04F79EFBC}") = "Cross.Shared", "Cross\Shared\Cross.Shared.csproj", "{CF610985-50B9-4C2A-806A-D05838651D83}"
EndProject
Global
	GlobalSection(SolutionConfigurationPlatforms) = preSolution
		Debug|Any CPU = Debug|Any CPU
		Release|Any CPU = Release|Any CPU
	EndGlobalSection
	GlobalSection(ProjectConfigurationPlatforms) = postSolution
		{CBB411BD-1F35-4046-9A80-41E3F49C5A0F}.Debug|Any CPU.ActiveCfg = Debug|Any CPU
		{CBB411BD-1F35-4046-9A80-41E3F49C5A0F}.Debug|Any CPU.Build.0 = Debug|Any CPU
		{CBB411BD-1F35-4046-9A80-41E3F49C5A0F}.Release|Any CPU.ActiveCfg = Release|Any CPU
		{CBB411BD-1F35-4046-9A80-41E3F49C5A0F}.Release|Any CPU.Build.0 = Release|Any CPU
		{6259F21C-54FC-4F13-AF93-85F249658EA5}.Debug|Any CPU.ActiveCfg = Debug|Any CPU
		{6259F21C-54FC-4F13-AF93-85F249658EA5}.Debug|Any CPU.Build.0 = Debug|Any CPU
		{6259F21C-54FC-4F13-AF93-85F249658EA5}.Release|Any CPU.ActiveCfg = Release|Any CPU
		{6259F21C-54FC-4F13-AF93-85F249658EA5}.Release|Any CPU.Build.0 = Release|Any CPU
		{CF610985-50B9-4C2A-806A-D05838651D83}.Debug|Any CPU.ActiveCfg = Debug|Any CPU
		{CF610985-50B9-4C2A-806A-D05838651D83}.Debug|Any CPU.Build.0 = Debug|Any CPU
		{CF610985-50B9-4C2A-806A-D05838651D83}.Release|Any CPU.ActiveCfg = Release|Any CPU
		{CF610985-50B9-4C2A-806A-D05838651D83}.Release|Any CPU.Build.0 = Release|Any CPU
	EndGlobalSection
	GlobalSection(SolutionProperties) = preSolution
		HideSolutionNode = FALSE
	EndGlobalSection
	GlobalSection(ExtensibilityGlobals) = postSolution
		SolutionGuid = {75C0C4D6-FF6C-4B65-8852-5606746D3327}
	EndGlobalSection
EndGlobal
